
Microsoft Visual Studio Solution File, Format Version 12.00
# Visual Studio 15
Project("{FAE04EC0-301F-11D3-BF4B-00C04F79EFBC}") = "Assembly-CSharp", "Assembly-CSharp.csproj", "{FED04DED-A95B-5A39-C7A5-AC4F4BD38732}"
EndProject
Project("{FAE04EC0-301F-11D3-BF4B-00C04F79EFBC}") = "Oculus.VR", "Oculus.VR.csproj", "{63D96944-E634-FA78-5695-5BD086545C98}"
EndProject
Project("{FAE04EC0-301F-11D3-BF4B-00C04F79EFBC}") = "Assembly-CSharp-Editor", "Assembly-CSharp-Editor.csproj", "{599B9584-39B3-01E0-DAA7-E891A292206F}"
EndProject
Project("{FAE04EC0-301F-11D3-BF4B-00C04F79EFBC}") = "Oculus.VR.Scripts.Editor", "Oculus.VR.Scripts.Editor.csproj", "{08AFE39D-4C5F-14AE-10C2-EE91058D5652}"
EndProject
Project("{FAE04EC0-301F-11D3-BF4B-00C04F79EFBC}") = "Oculus.VR.Editor", "Oculus.VR.Editor.csproj", "{A1FAFF36-3C18-FD7D-E5F3-5C4D0C188B5E}"
EndProject
Global
	GlobalSection(SolutionConfigurationPlatforms) = preSolution
		Debug|Any CPU = Debug|Any CPU
		Release|Any CPU = Release|Any CPU
	EndGlobalSection
	GlobalSection(ProjectConfigurationPlatforms) = postSolution
		{FED04DED-A95B-5A39-C7A5-AC4F4BD38732}.Debug|Any CPU.ActiveCfg = Debug|Any CPU
		{FED04DED-A95B-5A39-C7A5-AC4F4BD38732}.Debug|Any CPU.Build.0 = Debug|Any CPU
		{FED04DED-A95B-5A39-C7A5-AC4F4BD38732}.Release|Any CPU.ActiveCfg = Release|Any CPU
		{FED04DED-A95B-5A39-C7A5-AC4F4BD38732}.Release|Any CPU.Build.0 = Release|Any CPU
		{63D96944-E634-FA78-5695-5BD086545C98}.Debug|Any CPU.ActiveCfg = Debug|Any CPU
		{63D96944-E634-FA78-5695-5BD086545C98}.Debug|Any CPU.Build.0 = Debug|Any CPU
		{63D96944-E634-FA78-5695-5BD086545C98}.Release|Any CPU.ActiveCfg = Release|Any CPU
		{63D96944-E634-FA78-5695-5BD086545C98}.Release|Any CPU.Build.0 = Release|Any CPU
		{599B9584-39B3-01E0-DAA7-E891A292206F}.Debug|Any CPU.ActiveCfg = Debug|Any CPU
		{599B9584-39B3-01E0-DAA7-E891A292206F}.Debug|Any CPU.Build.0 = Debug|Any CPU
		{599B9584-39B3-01E0-DAA7-E891A292206F}.Release|Any CPU.ActiveCfg = Release|Any CPU
		{599B9584-39B3-01E0-DAA7-E891A292206F}.Release|Any CPU.Build.0 = Release|Any CPU
		{08AFE39D-4C5F-14AE-10C2-EE91058D5652}.Debug|Any CPU.ActiveCfg = Debug|Any CPU
		{08AFE39D-4C5F-14AE-10C2-EE91058D5652}.Debug|Any CPU.Build.0 = Debug|Any CPU
		{08AFE39D-4C5F-14AE-10C2-EE91058D5652}.Release|Any CPU.ActiveCfg = Release|Any CPU
		{08AFE39D-4C5F-14AE-10C2-EE91058D5652}.Release|Any CPU.Build.0 = Release|Any CPU
		{A1FAFF36-3C18-FD7D-E5F3-5C4D0C188B5E}.Debug|Any CPU.ActiveCfg = Debug|Any CPU
		{A1FAFF36-3C18-FD7D-E5F3-5C4D0C188B5E}.Debug|Any CPU.Build.0 = Debug|Any CPU
		{A1FAFF36-3C18-FD7D-E5F3-5C4D0C188B5E}.Release|Any CPU.ActiveCfg = Release|Any CPU
		{A1FAFF36-3C18-FD7D-E5F3-5C4D0C188B5E}.Release|Any CPU.Build.0 = Release|Any CPU
	EndGlobalSection
	GlobalSection(SolutionProperties) = preSolution
		HideSolutionNode = FALSE
	EndGlobalSection
EndGlobal
